PODS:
  - Flutter (1.0.0)
  - flutter_avif (0.0.1):
    - Flutter

DEPENDENCIES:
  - Flutter (from `Flutter`)
  - flutter_avif (from `.symlinks/plugins/flutter_avif/ios`)

EXTERNAL SOURCES:
  Flutter:
    :path: Flutter
  flutter_avif:
    :path: ".symlinks/plugins/flutter_avif/ios"

SPEC CHECKSUMS:
  Flutter: 50d75fe2f02b26cc09d224853bb45737f8b3214a
  flutter_avif: 600ef577cf13be892f6c5437346cf51ef8227ee1

PODFILE CHECKSUM: 8e679eca47255a8ca8067c4c67aab20e64cb974d

COCOAPODS: 1.11.2
